
Microsoft Visual Studio Solution File, Format Version 12.00
# Visual Studio Version 16
VisualStudioVersion = 16.0.31005.135
MinimumVisualStudioVersion = 10.0.40219.1
Project("{FAE04EC0-301F-11D3-BF4B-00C04F79EFBC}") = "ChatApp", "ChatApp\ChatApp.csproj", "{CCB5F689-98B9-4286-8550-1E2EB956E6B3}"
EndProject
Project("{FAE04EC0-301F-11D3-BF4B-00C04F79EFBC}") = "ChatApp.Server", "ChatApp.Server\ChatApp.Server.csproj", "{0BD53DDD-8574-4CD4-9497-053AE764E157}"
EndProject
Project("{FAE04EC0-301F-11D3-BF4B-00C04F79EFBC}") = "ChatApp.SharedLib", "ChatApp.SharedLib\ChatApp.SharedLib.csproj", "{D0525D74-3703-4ECB-A948-94A4CF391A62}"
EndProject
Global
	GlobalSection(SolutionConfigurationPlatforms) = preSolution
		Debug|Any CPU = Debug|Any CPU
		Release|Any CPU = Release|Any CPU
	EndGlobalSection
	GlobalSection(ProjectConfigurationPlatforms) = postSolution
		{CCB5F689-98B9-4286-8550-1E2EB956E6B3}.Debug|Any CPU.ActiveCfg = Debug|Any CPU
		{CCB5F689-98B9-4286-8550-1E2EB956E6B3}.Debug|Any CPU.Build.0 = Debug|Any CPU
		{CCB5F689-98B9-4286-8550-1E2EB956E6B3}.Release|Any CPU.ActiveCfg = Release|Any CPU
		{CCB5F689-98B9-4286-8550-1E2EB956E6B3}.Release|Any CPU.Build.0 = Release|Any CPU
		{0BD53DDD-8574-4CD4-9497-053AE764E157}.Debug|Any CPU.ActiveCfg = Debug|Any CPU
		{0BD53DDD-8574-4CD4-9497-053AE764E157}.Debug|Any CPU.Build.0 = Debug|Any CPU
		{0BD53DDD-8574-4CD4-9497-053AE764E157}.Release|Any CPU.ActiveCfg = Release|Any CPU
		{0BD53DDD-8574-4CD4-9497-053AE764E157}.Release|Any CPU.Build.0 = Release|Any CPU
		{D0525D74-3703-4ECB-A948-94A4CF391A62}.Debug|Any CPU.ActiveCfg = Debug|Any CPU
		{D0525D74-3703-4ECB-A948-94A4CF391A62}.Debug|Any CPU.Build.0 = Debug|Any CPU
		{D0525D74-3703-4ECB-A948-94A4CF391A62}.Release|Any CPU.ActiveCfg = Release|Any CPU
		{D0525D74-3703-4ECB-A948-94A4CF391A62}.Release|Any CPU.Build.0 = Release|Any CPU
	EndGlobalSection
	GlobalSection(SolutionProperties) = preSolution
		HideSolutionNode = FALSE
	EndGlobalSection
	GlobalSection(ExtensibilityGlobals) = postSolution
		SolutionGuid = {7552BB48-636A-4BC6-96ED-E183AC93ADB1}
	EndGlobalSection
EndGlobal
